
Microsoft Visual Studio Solution File, Format Version 12.00
# Visual Studio Version 16
VisualStudioVersion = 16.0.29326.143
MinimumVisualStudioVersion = 10.0.40219.1
Project("{FAE04EC0-301F-11D3-BF4B-00C04F79EFBC}") = "TESTUI", "TESTUI.csproj", "{3C1706A1-D690-486F-AE91-46628CA48881}"
EndProject
Project("{FAE04EC0-301F-11D3-BF4B-00C04F79EFBC}") = "TESTBL", "..\TESTBL\TESTBL.csproj", "{AE0ED790-977E-49DF-B6E1-95EBB9D3C12A}"
EndProject
Global
	GlobalSection(SolutionConfigurationPlatforms) = preSolution
		Debug|Any CPU = Debug|Any CPU
		Release|Any CPU = Release|Any CPU
	EndGlobalSection
	GlobalSection(ProjectConfigurationPlatforms) = postSolution
		{3C1706A1-D690-486F-AE91-46628CA48881}.Debug|Any CPU.ActiveCfg = Debug|Any CPU
		{3C1706A1-D690-486F-AE91-46628CA48881}.Debug|Any CPU.Build.0 = Debug|Any CPU
		{3C1706A1-D690-486F-AE91-46628CA48881}.Release|Any CPU.ActiveCfg = Release|Any CPU
		{3C1706A1-D690-486F-AE91-46628CA48881}.Release|Any CPU.Build.0 = Release|Any CPU
		{AE0ED790-977E-49DF-B6E1-95EBB9D3C12A}.Debug|Any CPU.ActiveCfg = Debug|Any CPU
		{AE0ED790-977E-49DF-B6E1-95EBB9D3C12A}.Debug|Any CPU.Build.0 = Debug|Any CPU
		{AE0ED790-977E-49DF-B6E1-95EBB9D3C12A}.Release|Any CPU.ActiveCfg = Release|Any CPU
		{AE0ED790-977E-49DF-B6E1-95EBB9D3C12A}.Release|Any CPU.Build.0 = Release|Any CPU
	EndGlobalSection
	GlobalSection(SolutionProperties) = preSolution
		HideSolutionNode = FALSE
	EndGlobalSection
	GlobalSection(ExtensibilityGlobals) = postSolution
		SolutionGuid = {0C81FF95-8074-44DA-BB4F-60976B1AF4D7}
	EndGlobalSection
EndGlobal
